
Microsoft Visual Studio Solution File, Format Version 12.00
# Visual Studio Version 17
VisualStudioVersion = 17.1.32328.378
MinimumVisualStudioVersion = 10.0.40219.1
Project("{FAE04EC0-301F-11D3-BF4B-00C04F79EFBC}") = "Mp3Lyric", "Mp3Lyric\Mp3Lyric.csproj", "{B07C6429-F75F-469F-9029-571F31478F34}"
EndProject
Global
	GlobalSection(SolutionConfigurationPlatforms) = preSolution
		Debug|Any CPU = Debug|Any CPU
		Release|Any CPU = Release|Any CPU
	EndGlobalSection
	GlobalSection(ProjectConfigurationPlatforms) = postSolution
		{B07C6429-F75F-469F-9029-571F31478F34}.Debug|Any CPU.ActiveCfg = Debug|Any CPU
		{B07C6429-F75F-469F-9029-571F31478F34}.Debug|Any CPU.Build.0 = Debug|Any CPU
		{B07C6429-F75F-469F-9029-571F31478F34}.Release|Any CPU.ActiveCfg = Release|Any CPU
		{B07C6429-F75F-469F-9029-571F31478F34}.Release|Any CPU.Build.0 = Release|Any CPU
	EndGlobalSection
	GlobalSection(SolutionProperties) = preSolution
		HideSolutionNode = FALSE
	EndGlobalSection
	GlobalSection(ExtensibilityGlobals) = postSolution
		SolutionGuid = {96C8A71A-0F62-4F2F-96E0-53941AD5CAAC}
	EndGlobalSection
EndGlobal
